
Microsoft Visual Studio Solution File, Format Version 12.00
# Visual Studio Version 16
VisualStudioVersion = 16.0.31410.357
MinimumVisualStudioVersion = 10.0.40219.1
Project("{FAE04EC0-301F-11D3-BF4B-00C04F79EFBC}") = "BlackJack", "BlackJack.csproj", "{18DE9FE6-071E-40BD-AC5A-F398DEEC868A}"
EndProject
Global
	GlobalSection(SolutionConfigurationPlatforms) = preSolution
		Debug|Any CPU = Debug|Any CPU
		Release|Any CPU = Release|Any CPU
	EndGlobalSection
	GlobalSection(ProjectConfigurationPlatforms) = postSolution
		{18DE9FE6-071E-40BD-AC5A-F398DEEC868A}.Debug|Any CPU.ActiveCfg = Debug|Any CPU
		{18DE9FE6-071E-40BD-AC5A-F398DEEC868A}.Debug|Any CPU.Build.0 = Debug|Any CPU
		{18DE9FE6-071E-40BD-AC5A-F398DEEC868A}.Release|Any CPU.ActiveCfg = Release|Any CPU
		{18DE9FE6-071E-40BD-AC5A-F398DEEC868A}.Release|Any CPU.Build.0 = Release|Any CPU
	EndGlobalSection
	GlobalSection(SolutionProperties) = preSolution
		HideSolutionNode = FALSE
	EndGlobalSection
	GlobalSection(ExtensibilityGlobals) = postSolution
		SolutionGuid = {894E86D7-9246-43FF-9B54-423F7AC6179E}
	EndGlobalSection
EndGlobal
